Microsoft Visual Studio Solution File, Format Version 12.00
# Visual Studio Version 17
VisualStudioVersion = 17.5.2.0
MinimumVisualStudioVersion = 10.0.40219.1
Project("{FAE04EC0-301F-11D3-BF4B-00C04F79EFBC}") = "FCGPaymentConfirmedConsumer", "FCGPaymentConfirmedConsumer.csproj", "{A3C845A1-33F5-88CC-2381-6320DBB42BC9}"
EndProject
Project("{FAE04EC0-301F-11D3-BF4B-00C04F79EFBC}") = "FCGPaymentConfirmedConsumer.UnitTests", "..\test\FCGPaymentConfirmedConsumer.UnitTests\FCGPaymentConfirmedConsumer.UnitTests.csproj", "{A46431D3-4661-501F-81DE-DC38D473C4D1}"
EndProject
Project("{2150E333-8FDC-42A3-9474-1A3956D46DE8}") = "Tests", "Tests", "{02EA681E-C7D8-13C7-8484-4AC65E1B71E8}"
EndProject
Global
	GlobalSection(SolutionConfigurationPlatforms) = preSolution
		Debug|Any CPU = Debug|Any CPU
		Release|Any CPU = Release|Any CPU
	EndGlobalSection
	GlobalSection(ProjectConfigurationPlatforms) = postSolution
		{A3C845A1-33F5-88CC-2381-6320DBB42BC9}.Debug|Any CPU.ActiveCfg = Debug|Any CPU
		{A3C845A1-33F5-88CC-2381-6320DBB42BC9}.Debug|Any CPU.Build.0 = Debug|Any CPU
		{A3C845A1-33F5-88CC-2381-6320DBB42BC9}.Release|Any CPU.ActiveCfg = Release|Any CPU
		{A3C845A1-33F5-88CC-2381-6320DBB42BC9}.Release|Any CPU.Build.0 = Release|Any CPU
		{A46431D3-4661-501F-81DE-DC38D473C4D1}.Debug|Any CPU.ActiveCfg = Debug|Any CPU
		{A46431D3-4661-501F-81DE-DC38D473C4D1}.Debug|Any CPU.Build.0 = Debug|Any CPU
		{A46431D3-4661-501F-81DE-DC38D473C4D1}.Release|Any CPU.ActiveCfg = Release|Any CPU
		{A46431D3-4661-501F-81DE-DC38D473C4D1}.Release|Any CPU.Build.0 = Release|Any CPU
	EndGlobalSection
	GlobalSection(SolutionProperties) = preSolution
		HideSolutionNode = FALSE
	EndGlobalSection
	GlobalSection(NestedProjects) = preSolution
		{A46431D3-4661-501F-81DE-DC38D473C4D1} = {02EA681E-C7D8-13C7-8484-4AC65E1B71E8}
	EndGlobalSection
	GlobalSection(ExtensibilityGlobals) = postSolution
		SolutionGuid = {AF4E6CE4-A7B2-4C75-ABEF-DADB990D2EEF}
	EndGlobalSection
EndGlobal
